
Microsoft Visual Studio Solution File, Format Version 12.00
# Visual Studio Version 17
VisualStudioVersion = 17.4.33403.182
MinimumVisualStudioVersion = 10.0.40219.1
Project("{FAE04EC0-301F-11D3-BF4B-00C04F79EFBC}") = "GetValueFromCsv", "GetValueFromCsv\GetValueFromCsv.csproj", "{46DC7641-4896-404E-8264-227121D9D93F}"
EndProject
Global
	GlobalSection(SolutionConfigurationPlatforms) = preSolution
		Debug|Any CPU = Debug|Any CPU
		Release|Any CPU = Release|Any CPU
	EndGlobalSection
	GlobalSection(ProjectConfigurationPlatforms) = postSolution
		{46DC7641-4896-404E-8264-227121D9D93F}.Debug|Any CPU.ActiveCfg = Debug|Any CPU
		{46DC7641-4896-404E-8264-227121D9D93F}.Debug|Any CPU.Build.0 = Debug|Any CPU
		{46DC7641-4896-404E-8264-227121D9D93F}.Release|Any CPU.ActiveCfg = Release|Any CPU
		{46DC7641-4896-404E-8264-227121D9D93F}.Release|Any CPU.Build.0 = Release|Any CPU
	EndGlobalSection
	GlobalSection(SolutionProperties) = preSolution
		HideSolutionNode = FALSE
	EndGlobalSection
	GlobalSection(ExtensibilityGlobals) = postSolution
		SolutionGuid = {C93618FB-E1E7-4B3B-BEE3-965FE2ADADD6}
	EndGlobalSection
EndGlobal
